
Microsoft Visual Studio Solution File, Format Version 12.00
# Visual Studio Version 16
VisualStudioVersion = 16.0.31702.278
MinimumVisualStudioVersion = 10.0.40219.1
Project("{FAE04EC0-301F-11D3-BF4B-00C04F79EFBC}") = "RazorPagesMovie", "RazorPagesMovie\RazorPagesMovie.csproj", "{9D319E25-C6FD-4BA9-9010-21B3C02A4DC1}"
EndProject
Global
	GlobalSection(SolutionConfigurationPlatforms) = preSolution
		Debug|Any CPU = Debug|Any CPU
		Release|Any CPU = Release|Any CPU
	EndGlobalSection
	GlobalSection(ProjectConfigurationPlatforms) = postSolution
		{9D319E25-C6FD-4BA9-9010-21B3C02A4DC1}.Debug|Any CPU.ActiveCfg = Debug|Any CPU
		{9D319E25-C6FD-4BA9-9010-21B3C02A4DC1}.Debug|Any CPU.Build.0 = Debug|Any CPU
		{9D319E25-C6FD-4BA9-9010-21B3C02A4DC1}.Release|Any CPU.ActiveCfg = Release|Any CPU
		{9D319E25-C6FD-4BA9-9010-21B3C02A4DC1}.Release|Any CPU.Build.0 = Release|Any CPU
	EndGlobalSection
	GlobalSection(SolutionProperties) = preSolution
		HideSolutionNode = FALSE
	EndGlobalSection
	GlobalSection(ExtensibilityGlobals) = postSolution
		SolutionGuid = {A57F082E-AC78-4CC3-A969-9B89D1B87FFA}
	EndGlobalSection
EndGlobal
